{
  "name": "openissuescount",
  "version": "1.0.0",
  "lockfileVersion": 1,
  "requires": true,
  "dependencies": {
    "express-es6-template-engine": {
      "version": "2.1.7",
      "resolved": "https://registry.npmjs.org/express-es6-template-engine/-/express-es6-template-engine-2.1.7.tgz",
      "integrity": "sha512-tHq5otz/JezOg6Am0YjWUUOT1yBPbSgil1AL78KrEdvBVCH9qJQKqbcOZh7DvOLOuRbH4opEdjPtj2t8xdpR0A=="
    }
  }
}
